{
  "nodes": {
    "agentic-nixos": {
      "inputs": {
        "home-manager": "home-manager",
        "nixpkgs": [
          "nixpkgs"
        ]
      },
      "locked": {
        "lastModified": 1787581377,
        "narHash": "sha256-gploeFIJXB7qOoJsSG365dRQMCqva89Q54HTpC1Mx4U=",
        "path": "/home/solavane/agentic-nixos-integration",
        "type": "path"
      },
      "original": {
        "path": "/home/solavane/agentic-nixos-integration",
        "type": "path"
      }
    },
    "home-manager": {
      "inputs": {
        "nixpkgs": [
          "agentic-nixos",
          "nixpkgs"
        ]
      },
      "locked": {
        "lastModified": 1787487906,
        "narHash": "sha256-zIdM+8teujHm5hc5MIPDnV7k2UeOOT/pFyFtWjOCwsY=",
        "owner": "nix-community",
        "repo": "home-manager",
        "rev": "cfba7ad5886b342b8dd63ba74354b3853ea4cfc9",
        "type": "github"
      },
      "original": {
        "owner": "nix-community",
        "repo": "home-manager",
        "type": "github"
      }
    },
    "home-manager_2": {
      "inputs": {
        "nixpkgs": [
          "nixpkgs"
        ]
      },
      "locked": {
        "lastModified": 1787487906,
        "narHash": "sha256-zIdM+8teujHm5hc5MIPDnV7k2UeOOT/pFyFtWjOCwsY=",
        "owner": "nix-community",
        "repo": "home-manager",
        "rev": "cfba7ad5886b342b8dd63ba74354b3853ea4cfc9",
        "type": "github"
      },
      "original": {
        "owner": "nix-community",
        "repo": "home-manager",
        "type": "github"
      }
    },
    "nixpkgs": {
      "locked": {
        "lastModified": 1787360063,
        "narHash": "sha256-dt4WdcvsA8/RCe+VZZwqU0X+XMM3wBbGCWA0/sFWzGo=",
        "owner": "nixos",
        "repo": "nixpkgs",
        "rev": "2c423e03bbafcff28bfadc6781a4a8257f205cb5",
        "type": "github"
      },
      "original": {
        "owner": "nixos",
        "ref": "nixos-unstable",
        "repo": "nixpkgs",
        "type": "github"
      }
    },
    "root": {
      "inputs": {
        "agentic-nixos": "agentic-nixos",
        "home-manager": "home-manager_2",
        "nixpkgs": "nixpkgs"
      }
    }
  },
  "root": "root",
  "version": 7
}
